
Microsoft Visual Studio Solution File, Format Version 11.00
# Visual Studio 2010
Project("{FAE04EC0-301F-11D3-BF4B-00C04F79EFBC}") = "simplegeo.Net", "simplegeo.Net\simplegeo.Net.csproj", "{C607F429-A611-4111-A27F-B10EB9B50BC8}"
EndProject
Project("{2150E333-8FDC-42A3-9474-1A3956D46DE8}") = "Solution Items", "Solution Items", "{1DB805DB-E0B5-43DC-9832-7D709B553443}"
	ProjectSection(SolutionItems) = preProject
		LICENSE = LICENSE
		README = README
		simplegeo.Net.testsettings = simplegeo.Net.testsettings
		simplegeo.Net.vsmdi = simplegeo.Net.vsmdi
	EndProjectSection
EndProject
Project("{FAE04EC0-301F-11D3-BF4B-00C04F79EFBC}") = "simplegeo.Net.Tests", "simplegeo.Net.Tests\simplegeo.Net.Tests.csproj", "{2F3B9386-7341-49B9-8738-7D275AD8DE2A}"
EndProject
Project("{FAE04EC0-301F-11D3-BF4B-00C04F79EFBC}") = "simplegeo.Net.SampleApp", "simplegeo.Net.SampleApp\simplegeo.Net.SampleApp.csproj", "{24E8B27A-375B-4DFC-8E69-CE78D61FF52F}"
EndProject
Global
	GlobalSection(TestCaseManagementSettings) = postSolution
		CategoryFile = simplegeo.Net.vsmdi
	EndGlobalSection
	GlobalSection(SolutionConfigurationPlatforms) = preSolution
		Debug|Any CPU = Debug|Any CPU
		Debug|Mixed Platforms = Debug|Mixed Platforms
		Debug|x86 = Debug|x86
		Release|Any CPU = Release|Any CPU
		Release|Mixed Platforms = Release|Mixed Platforms
		Release|x86 = Release|x86
	EndGlobalSection
	GlobalSection(ProjectConfigurationPlatforms) = postSolution
		{C607F429-A611-4111-A27F-B10EB9B50BC8}.Debug|Any CPU.ActiveCfg = Debug|Any CPU
		{C607F429-A611-4111-A27F-B10EB9B50BC8}.Debug|Any CPU.Build.0 = Debug|Any CPU
		{C607F429-A611-4111-A27F-B10EB9B50BC8}.Debug|Mixed Platforms.ActiveCfg = Debug|Any CPU
		{C607F429-A611-4111-A27F-B10EB9B50BC8}.Debug|Mixed Platforms.Build.0 = Debug|Any CPU
		{C607F429-A611-4111-A27F-B10EB9B50BC8}.Debug|x86.ActiveCfg = Debug|Any CPU
		{C607F429-A611-4111-A27F-B10EB9B50BC8}.Release|Any CPU.ActiveCfg = Release|Any CPU
		{C607F429-A611-4111-A27F-B10EB9B50BC8}.Release|Any CPU.Build.0 = Release|Any CPU
		{C607F429-A611-4111-A27F-B10EB9B50BC8}.Release|Mixed Platforms.ActiveCfg = Release|Any CPU
		{C607F429-A611-4111-A27F-B10EB9B50BC8}.Release|Mixed Platforms.Build.0 = Release|Any CPU
		{C607F429-A611-4111-A27F-B10EB9B50BC8}.Release|x86.ActiveCfg = Release|Any CPU
		{2F3B9386-7341-49B9-8738-7D275AD8DE2A}.Debug|Any CPU.ActiveCfg = Debug|Any CPU
		{2F3B9386-7341-49B9-8738-7D275AD8DE2A}.Debug|Any CPU.Build.0 = Debug|Any CPU
		{2F3B9386-7341-49B9-8738-7D275AD8DE2A}.Debug|Mixed Platforms.ActiveCfg = Debug|Any CPU
		{2F3B9386-7341-49B9-8738-7D275AD8DE2A}.Debug|Mixed Platforms.Build.0 = Debug|Any CPU
		{2F3B9386-7341-49B9-8738-7D275AD8DE2A}.Debug|x86.ActiveCfg = Debug|Any CPU
		{2F3B9386-7341-49B9-8738-7D275AD8DE2A}.Release|Any CPU.ActiveCfg = Release|Any CPU
		{2F3B9386-7341-49B9-8738-7D275AD8DE2A}.Release|Any CPU.Build.0 = Release|Any CPU
		{2F3B9386-7341-49B9-8738-7D275AD8DE2A}.Release|Mixed Platforms.ActiveCfg = Release|Any CPU
		{2F3B9386-7341-49B9-8738-7D275AD8DE2A}.Release|Mixed Platforms.Build.0 = Release|Any CPU
		{2F3B9386-7341-49B9-8738-7D275AD8DE2A}.Release|x86.ActiveCfg = Release|Any CPU
		{24E8B27A-375B-4DFC-8E69-CE78D61FF52F}.Debug|Any CPU.ActiveCfg = Debug|x86
		{24E8B27A-375B-4DFC-8E69-CE78D61FF52F}.Debug|Mixed Platforms.ActiveCfg = Debug|x86
		{24E8B27A-375B-4DFC-8E69-CE78D61FF52F}.Debug|Mixed Platforms.Build.0 = Debug|x86
		{24E8B27A-375B-4DFC-8E69-CE78D61FF52F}.Debug|x86.ActiveCfg = Debug|x86
		{24E8B27A-375B-4DFC-8E69-CE78D61FF52F}.Debug|x86.Build.0 = Debug|x86
		{24E8B27A-375B-4DFC-8E69-CE78D61FF52F}.Release|Any CPU.ActiveCfg = Release|x86
		{24E8B27A-375B-4DFC-8E69-CE78D61FF52F}.Release|Mixed Platforms.ActiveCfg = Release|x86
		{24E8B27A-375B-4DFC-8E69-CE78D61FF52F}.Release|Mixed Platforms.Build.0 = Release|x86
		{24E8B27A-375B-4DFC-8E69-CE78D61FF52F}.Release|x86.ActiveCfg = Release|x86
		{24E8B27A-375B-4DFC-8E69-CE78D61FF52F}.Release|x86.Build.0 = Release|x86
	EndGlobalSection
	GlobalSection(SolutionProperties) = preSolution
		HideSolutionNode = FALSE
	EndGlobalSection
EndGlobal
