
Microsoft Visual Studio Solution File, Format Version 11.00
# Visual Studio 2010
Project("{FAE04EC0-301F-11D3-BF4B-00C04F79EFBC}") = "SimpleGeo.Net", "SimpleGeo.Net\SimpleGeo.Net.csproj", "{C607F429-A611-4111-A27F-B10EB9B50BC8}"
EndProject
Project("{2150E333-8FDC-42A3-9474-1A3956D46DE8}") = "Solution Items", "Solution Items", "{1DB805DB-E0B5-43DC-9832-7D709B553443}"
	ProjectSection(SolutionItems) = preProject
		LICENSE = LICENSE
		README = README
	EndProjectSection
EndProject
Project("{FAE04EC0-301F-11D3-BF4B-00C04F79EFBC}") = "SimpleGeo.Net.Tests", "SimpleGeo.Net.Tests\SimpleGeo.Net.Tests.csproj", "{2F3B9386-7341-49B9-8738-7D275AD8DE2A}"
EndProject
Project("{FAE04EC0-301F-11D3-BF4B-00C04F79EFBC}") = "SimpleGeo.Net.SampleApp", "SimpleGeo.Net.SampleApp\SimpleGeo.Net.SampleApp.csproj", "{24E8B27A-375B-4DFC-8E69-CE78D61FF52F}"
EndProject
Project("{FAE04EC0-301F-11D3-BF4B-00C04F79EFBC}") = "SimpleGeo.Net.Silverlight", "SimpleGeo.Net.Silverlight\SimpleGeo.Net.Silverlight.csproj", "{86F541B1-6719-4622-9F60-BB44252E5BC0}"
EndProject
Project("{2150E333-8FDC-42A3-9474-1A3956D46DE8}") = "Unit Tests", "Unit Tests", "{AA4214D8-D7A9-449D-A70E-D311F13DC84A}"
	ProjectSection(SolutionItems) = preProject
		SimpleGeo.Net.testsettings = SimpleGeo.Net.testsettings
		SimpleGeo.Net.vsmdi = SimpleGeo.Net.vsmdi
	EndProjectSection
EndProject
Project("{2150E333-8FDC-42A3-9474-1A3956D46DE8}") = "Sample Applications", "Sample Applications", "{06F676CC-7962-4121-ACCF-744CE3470669}"
EndProject
Project("{2150E333-8FDC-42A3-9474-1A3956D46DE8}") = "Client Libraries", "Client Libraries", "{F77669C8-9D01-47BD-BFA4-8A0201512D7D}"
EndProject
Project("{FAE04EC0-301F-11D3-BF4B-00C04F79EFBC}") = "SimpleGeo.Net.WindowsPhone", "SimpleGeo.Net.WindowsPhone\SimpleGeo.Net.WindowsPhone.csproj", "{CCF81E0E-EBAD-4C4B-B48F-9851D39B3344}"
EndProject
Global
	GlobalSection(SolutionConfigurationPlatforms) = preSolution
		Debug|Any CPU = Debug|Any CPU
		Debug|Mixed Platforms = Debug|Mixed Platforms
		Debug|x86 = Debug|x86
		Release|Any CPU = Release|Any CPU
		Release|Mixed Platforms = Release|Mixed Platforms
		Release|x86 = Release|x86
	EndGlobalSection
	GlobalSection(ProjectConfigurationPlatforms) = postSolution
		{C607F429-A611-4111-A27F-B10EB9B50BC8}.Debug|Any CPU.ActiveCfg = Debug|Any CPU
		{C607F429-A611-4111-A27F-B10EB9B50BC8}.Debug|Any CPU.Build.0 = Debug|Any CPU
		{C607F429-A611-4111-A27F-B10EB9B50BC8}.Debug|Mixed Platforms.ActiveCfg = Debug|Any CPU
		{C607F429-A611-4111-A27F-B10EB9B50BC8}.Debug|Mixed Platforms.Build.0 = Debug|Any CPU
		{C607F429-A611-4111-A27F-B10EB9B50BC8}.Debug|x86.ActiveCfg = Debug|Any CPU
		{C607F429-A611-4111-A27F-B10EB9B50BC8}.Release|Any CPU.ActiveCfg = Release|Any CPU
		{C607F429-A611-4111-A27F-B10EB9B50BC8}.Release|Any CPU.Build.0 = Release|Any CPU
		{C607F429-A611-4111-A27F-B10EB9B50BC8}.Release|Mixed Platforms.ActiveCfg = Release|Any CPU
		{C607F429-A611-4111-A27F-B10EB9B50BC8}.Release|Mixed Platforms.Build.0 = Release|Any CPU
		{C607F429-A611-4111-A27F-B10EB9B50BC8}.Release|x86.ActiveCfg = Release|Any CPU
		{2F3B9386-7341-49B9-8738-7D275AD8DE2A}.Debug|Any CPU.ActiveCfg = Debug|Any CPU
		{2F3B9386-7341-49B9-8738-7D275AD8DE2A}.Debug|Any CPU.Build.0 = Debug|Any CPU
		{2F3B9386-7341-49B9-8738-7D275AD8DE2A}.Debug|Mixed Platforms.ActiveCfg = Debug|Any CPU
		{2F3B9386-7341-49B9-8738-7D275AD8DE2A}.Debug|Mixed Platforms.Build.0 = Debug|Any CPU
		{2F3B9386-7341-49B9-8738-7D275AD8DE2A}.Debug|x86.ActiveCfg = Debug|Any CPU
		{2F3B9386-7341-49B9-8738-7D275AD8DE2A}.Release|Any CPU.ActiveCfg = Release|Any CPU
		{2F3B9386-7341-49B9-8738-7D275AD8DE2A}.Release|Any CPU.Build.0 = Release|Any CPU
		{2F3B9386-7341-49B9-8738-7D275AD8DE2A}.Release|Mixed Platforms.ActiveCfg = Release|Any CPU
		{2F3B9386-7341-49B9-8738-7D275AD8DE2A}.Release|Mixed Platforms.Build.0 = Release|Any CPU
		{2F3B9386-7341-49B9-8738-7D275AD8DE2A}.Release|x86.ActiveCfg = Release|Any CPU
		{24E8B27A-375B-4DFC-8E69-CE78D61FF52F}.Debug|Any CPU.ActiveCfg = Debug|x86
		{24E8B27A-375B-4DFC-8E69-CE78D61FF52F}.Debug|Mixed Platforms.ActiveCfg = Debug|x86
		{24E8B27A-375B-4DFC-8E69-CE78D61FF52F}.Debug|Mixed Platforms.Build.0 = Debug|x86
		{24E8B27A-375B-4DFC-8E69-CE78D61FF52F}.Debug|x86.ActiveCfg = Debug|x86
		{24E8B27A-375B-4DFC-8E69-CE78D61FF52F}.Debug|x86.Build.0 = Debug|x86
		{24E8B27A-375B-4DFC-8E69-CE78D61FF52F}.Release|Any CPU.ActiveCfg = Release|x86
		{24E8B27A-375B-4DFC-8E69-CE78D61FF52F}.Release|Mixed Platforms.ActiveCfg = Release|x86
		{24E8B27A-375B-4DFC-8E69-CE78D61FF52F}.Release|Mixed Platforms.Build.0 = Release|x86
		{24E8B27A-375B-4DFC-8E69-CE78D61FF52F}.Release|x86.ActiveCfg = Release|x86
		{24E8B27A-375B-4DFC-8E69-CE78D61FF52F}.Release|x86.Build.0 = Release|x86
		{86F541B1-6719-4622-9F60-BB44252E5BC0}.Debug|Any CPU.ActiveCfg = Debug|Any CPU
		{86F541B1-6719-4622-9F60-BB44252E5BC0}.Debug|Any CPU.Build.0 = Debug|Any CPU
		{86F541B1-6719-4622-9F60-BB44252E5BC0}.Debug|Mixed Platforms.ActiveCfg = Debug|Any CPU
		{86F541B1-6719-4622-9F60-BB44252E5BC0}.Debug|Mixed Platforms.Build.0 = Debug|Any CPU
		{86F541B1-6719-4622-9F60-BB44252E5BC0}.Debug|x86.ActiveCfg = Debug|Any CPU
		{86F541B1-6719-4622-9F60-BB44252E5BC0}.Release|Any CPU.ActiveCfg = Release|Any CPU
		{86F541B1-6719-4622-9F60-BB44252E5BC0}.Release|Any CPU.Build.0 = Release|Any CPU
		{86F541B1-6719-4622-9F60-BB44252E5BC0}.Release|Mixed Platforms.ActiveCfg = Release|Any CPU
		{86F541B1-6719-4622-9F60-BB44252E5BC0}.Release|Mixed Platforms.Build.0 = Release|Any CPU
		{86F541B1-6719-4622-9F60-BB44252E5BC0}.Release|x86.ActiveCfg = Release|Any CPU
		{CCF81E0E-EBAD-4C4B-B48F-9851D39B3344}.Debug|Any CPU.ActiveCfg = Debug|Any CPU
		{CCF81E0E-EBAD-4C4B-B48F-9851D39B3344}.Debug|Any CPU.Build.0 = Debug|Any CPU
		{CCF81E0E-EBAD-4C4B-B48F-9851D39B3344}.Debug|Mixed Platforms.ActiveCfg = Debug|Any CPU
		{CCF81E0E-EBAD-4C4B-B48F-9851D39B3344}.Debug|Mixed Platforms.Build.0 = Debug|Any CPU
		{CCF81E0E-EBAD-4C4B-B48F-9851D39B3344}.Debug|x86.ActiveCfg = Debug|Any CPU
		{CCF81E0E-EBAD-4C4B-B48F-9851D39B3344}.Release|Any CPU.ActiveCfg = Release|Any CPU
		{CCF81E0E-EBAD-4C4B-B48F-9851D39B3344}.Release|Any CPU.Build.0 = Release|Any CPU
		{CCF81E0E-EBAD-4C4B-B48F-9851D39B3344}.Release|Mixed Platforms.ActiveCfg = Release|Any CPU
		{CCF81E0E-EBAD-4C4B-B48F-9851D39B3344}.Release|Mixed Platforms.Build.0 = Release|Any CPU
		{CCF81E0E-EBAD-4C4B-B48F-9851D39B3344}.Release|x86.ActiveCfg = Release|Any CPU
	EndGlobalSection
	GlobalSection(SolutionProperties) = preSolution
		HideSolutionNode = FALSE
	EndGlobalSection
	GlobalSection(NestedProjects) = preSolution
		{86F541B1-6719-4622-9F60-BB44252E5BC0} = {F77669C8-9D01-47BD-BFA4-8A0201512D7D}
		{C607F429-A611-4111-A27F-B10EB9B50BC8} = {F77669C8-9D01-47BD-BFA4-8A0201512D7D}
		{CCF81E0E-EBAD-4C4B-B48F-9851D39B3344} = {F77669C8-9D01-47BD-BFA4-8A0201512D7D}
		{2F3B9386-7341-49B9-8738-7D275AD8DE2A} = {AA4214D8-D7A9-449D-A70E-D311F13DC84A}
		{24E8B27A-375B-4DFC-8E69-CE78D61FF52F} = {06F676CC-7962-4121-ACCF-744CE3470669}
	EndGlobalSection
EndGlobal
